
Microsoft Visual Studio Solution File, Format Version 12.00
# Visual Studio Version 17
VisualStudioVersion = 17.14.36616.10
MinimumVisualStudioVersion = 10.0.40219.1
Project("{FAE04EC0-301F-11D3-BF4B-00C04F79EFBC}") = "ProyectoBiblioteca", "ProyectoBiblioteca\ProyectoBiblioteca.csproj", "{ADFE6182-797E-4521-9BDA-3EBF0A3C7392}"
EndProject
Project("{FAE04EC0-301F-11D3-BF4B-00C04F79EFBC}") = "FilaUsuarios", "FilaUsuarios\FilaUsuarios.csproj", "{FCAAFC92-86D0-4C9A-9D62-9DCA5086A98B}"
EndProject
Project("{FAE04EC0-301F-11D3-BF4B-00C04F79EFBC}") = "FilaLibros", "FilaLibros\FilaLibros.csproj", "{6572D0B3-20EB-46B3-AECE-17D6743EB5C1}"
EndProject
Project("{FAE04EC0-301F-11D3-BF4B-00C04F79EFBC}") = "FilaPrestamos", "FilaPrestamos\FilaPrestamos.csproj", "{A1711BD2-2ABE-4C02-B5AE-0FE528603D94}"
EndProject
Global
	GlobalSection(SolutionConfigurationPlatforms) = preSolution
		Debug|Any CPU = Debug|Any CPU
		Release|Any CPU = Release|Any CPU
	EndGlobalSection
	GlobalSection(ProjectConfigurationPlatforms) = postSolution
		{ADFE6182-797E-4521-9BDA-3EBF0A3C7392}.Debug|Any CPU.ActiveCfg = Debug|Any CPU
		{ADFE6182-797E-4521-9BDA-3EBF0A3C7392}.Debug|Any CPU.Build.0 = Debug|Any CPU
		{ADFE6182-797E-4521-9BDA-3EBF0A3C7392}.Release|Any CPU.ActiveCfg = Release|Any CPU
		{ADFE6182-797E-4521-9BDA-3EBF0A3C7392}.Release|Any CPU.Build.0 = Release|Any CPU
		{FCAAFC92-86D0-4C9A-9D62-9DCA5086A98B}.Debug|Any CPU.ActiveCfg = Debug|Any CPU
		{FCAAFC92-86D0-4C9A-9D62-9DCA5086A98B}.Debug|Any CPU.Build.0 = Debug|Any CPU
		{FCAAFC92-86D0-4C9A-9D62-9DCA5086A98B}.Release|Any CPU.ActiveCfg = Release|Any CPU
		{FCAAFC92-86D0-4C9A-9D62-9DCA5086A98B}.Release|Any CPU.Build.0 = Release|Any CPU
		{6572D0B3-20EB-46B3-AECE-17D6743EB5C1}.Debug|Any CPU.ActiveCfg = Debug|Any CPU
		{6572D0B3-20EB-46B3-AECE-17D6743EB5C1}.Debug|Any CPU.Build.0 = Debug|Any CPU
		{6572D0B3-20EB-46B3-AECE-17D6743EB5C1}.Release|Any CPU.ActiveCfg = Release|Any CPU
		{6572D0B3-20EB-46B3-AECE-17D6743EB5C1}.Release|Any CPU.Build.0 = Release|Any CPU
		{A1711BD2-2ABE-4C02-B5AE-0FE528603D94}.Debug|Any CPU.ActiveCfg = Debug|Any CPU
		{A1711BD2-2ABE-4C02-B5AE-0FE528603D94}.Debug|Any CPU.Build.0 = Debug|Any CPU
		{A1711BD2-2ABE-4C02-B5AE-0FE528603D94}.Release|Any CPU.ActiveCfg = Release|Any CPU
		{A1711BD2-2ABE-4C02-B5AE-0FE528603D94}.Release|Any CPU.Build.0 = Release|Any CPU
	EndGlobalSection
	GlobalSection(SolutionProperties) = preSolution
		HideSolutionNode = FALSE
	EndGlobalSection
	GlobalSection(ExtensibilityGlobals) = postSolution
		SolutionGuid = {FE2C7099-ED82-4133-BA80-5A8010C4A110}
	EndGlobalSection
EndGlobal
